// !$*UTF8*$!
{
	archiveVersion = 1;
	classes = {
	};
	objectVersion = 77;
	objects = {

/* Begin PBXBuildFile section */
		8335DAEA2EF23E8000D6938F /* Create-Install-Media in Resources */ = {isa = PBXBuildFile; fileRef = 8335DAE92EF23E8000D6938F /* Create-Install-Media */; };
		8335DAEC2EF23E9200D6938F /* HPProBookEliteBookmacOS in Resources */ = {isa = PBXBuildFile; fileRef = 8335DAEB2EF23E9200D6938F /* HPProBookEliteBookmacOS */; };
/* End PBXBuildFile section */

/* Begin PBXFileReference section */
		8335DAE92EF23E8000D6938F /* Create-Install-Media */ = {isa = PBXFileReference; lastKnownFileType = folder; name = "Create-Install-Media"; path = "Package/Create-Install-Media"; sourceTree = "<group>"; };
		8335DAEB2EF23E9200D6938F /* HPProBookEliteBookmacOS */ = {isa = PBXFileReference; lastKnownFileType = folder; name = HPProBookEliteBookmacOS; path = Package/HPProBookEliteBookmacOS; sourceTree = "<group>"; };
		833F39392E46DCA100FBB87A /* HP-ProBook-EliteBook.app */ = {isa = PBXFileReference; explicitFileType = wrapper.application; includeInIndex = 0; path = "HP-ProBook-EliteBook.app"; sourceTree = BUILT_PRODUCTS_DIR; };
/* End PBXFileReference section */

/* Begin PBXFileSystemSynchronizedBuildFileExceptionSet section */
		833F39882E46E38C00FBB87A /* Exceptions for "HP-ProBook-EliteBook" folder in "HP-ProBook-EliteBook" target */ = {
			isa = PBXFileSystemSynchronizedBuildFileExceptionSet;
			membershipExceptions = (
				HP_ProBook_EliteBook,
				"HP-ProBook-EliteBook",
				Info.plist,
			);
			target = 833F39382E46DCA100FBB87A /* HP-ProBook-EliteBook */;
		};
/* End PBXFileSystemSynchronizedBuildFileExceptionSet section */

/* Begin PBXFileSystemSynchronizedRootGroup section */
		8335D8322EF23E2A00D6938F /* Create-Install-Media */ = {
			isa = PBXFileSystemSynchronizedRootGroup;
			path = "Create-Install-Media";
			sourceTree = "<group>";
		};
		8335DAE82EF23E2A00D6938F /* HPProBookEliteBookmacOS */ = {
			isa = PBXFileSystemSynchronizedRootGroup;
			path = HPProBookEliteBookmacOS;
			sourceTree = "<group>";
		};
		833F393B2E46DCA100FBB87A /* HP-ProBook-EliteBook */ = {
			isa = PBXFileSystemSynchronizedRootGroup;
			exceptions = (
				833F39882E46E38C00FBB87A /* Exceptions for "HP-ProBook-EliteBook" folder in "HP-ProBook-EliteBook" target */,
			);
			path = "HP-ProBook-EliteBook";
			sourceTree = "<group>";
		};
/* End PBXFileSystemSynchronizedRootGroup section */

/* Begin PBXFrameworksBuildPhase section */
		833F39362E46DCA100FBB87A /* Frameworks */ = {
			isa = PBXFrameworksBuildPhase;
			buildActionMask = 2147483647;
			files = (
			);
			runOnlyForDeploymentPostprocessing = 0;
		};
/* End PBXFrameworksBuildPhase section */

/* Begin PBXGroup section */
		8335D5F62EF23DBE00D6938F /* Package */ = {
			isa = PBXGroup;
			children = (
				8335D8322EF23E2A00D6938F /* Create-Install-Media */,
				8335DAE82EF23E2A00D6938F /* HPProBookEliteBookmacOS */,
			);
			path = Package;
			sourceTree = "<group>";
		};
		833F39302E46DCA100FBB87A = {
			isa = PBXGroup;
			children = (
				8335DAEB2EF23E9200D6938F /* HPProBookEliteBookmacOS */,
				8335DAE92EF23E8000D6938F /* Create-Install-Media */,
				8335D5F62EF23DBE00D6938F /* Package */,
				833F393B2E46DCA100FBB87A /* HP-ProBook-EliteBook */,
				833F393A2E46DCA100FBB87A /* Products */,
			);
			sourceTree = "<group>";
		};
		833F393A2E46DCA100FBB87A /* Products */ = {
			isa = PBXGroup;
			children = (
				833F39392E46DCA100FBB87A /* HP-ProBook-EliteBook.app */,
			);
			name = Products;
			sourceTree = "<group>";
		};
/* End PBXGroup section */

/* Begin PBXNativeTarget section */
		833F39382E46DCA100FBB87A /* HP-ProBook-EliteBook */ = {
			isa = PBXNativeTarget;
			buildConfigurationList = 833F39492E46DCA300FBB87A /* Build configuration list for PBXNativeTarget "HP-ProBook-EliteBook" */;
			buildPhases = (
				833F39352E46DCA100FBB87A /* Sources */,
				833F39362E46DCA100FBB87A /* Frameworks */,
				833F39372E46DCA100FBB87A /* Resources */,
			);
			buildRules = (
			);
			dependencies = (
			);
			fileSystemSynchronizedGroups = (
				833F393B2E46DCA100FBB87A /* HP-ProBook-EliteBook */,
			);
			name = "HP-ProBook-EliteBook";
			packageProductDependencies = (
			);
			productName = "Kext-Drop";
			productReference = 833F39392E46DCA100FBB87A /* HP-ProBook-EliteBook.app */;
			productType = "com.apple.product-type.application";
		};
/* End PBXNativeTarget section */

/* Begin PBXProject section */
		833F39312E46DCA100FBB87A /* Project object */ = {
			isa = PBXProject;
			attributes = {
				BuildIndependentTargetsInParallel = 1;
				LastUpgradeCheck = 1600;
				TargetAttributes = {
					833F39382E46DCA100FBB87A = {
						CreatedOnToolsVersion = 16.0;
					};
				};
			};
			buildConfigurationList = 833F39342E46DCA100FBB87A /* Build configuration list for PBXProject "HP-ProBook-EliteBook" */;
			developmentRegion = en;
			hasScannedForEncodings = 0;
			knownRegions = (
				en,
				Base,
			);
			mainGroup = 833F39302E46DCA100FBB87A;
			minimizedProjectReferenceProxies = 1;
			preferredProjectObjectVersion = 77;
			productRefGroup = 833F393A2E46DCA100FBB87A /* Products */;
			projectDirPath = "";
			projectRoot = "";
			targets = (
				833F39382E46DCA100FBB87A /* HP-ProBook-EliteBook */,
			);
		};
/* End PBXProject section */

/* Begin PBXResourcesBuildPhase section */
		833F39372E46DCA100FBB87A /* Resources */ = {
			isa = PBXResourcesBuildPhase;
			buildActionMask = 2147483647;
			files = (
				8335DAEC2EF23E9200D6938F /* HPProBookEliteBookmacOS in Resources */,
				8335DAEA2EF23E8000D6938F /* Create-Install-Media in Resources */,
			);
			runOnlyForDeploymentPostprocessing = 0;
		};
/* End PBXResourcesBuildPhase section */

/* Begin PBXSourcesBuildPhase section */
		833F39352E46DCA100FBB87A /* Sources */ = {
			isa = PBXSourcesBuildPhase;
			buildActionMask = 2147483647;
			files = (
			);
			runOnlyForDeploymentPostprocessing = 0;
		};
/* End PBXSourcesBuildPhase section */

/* Begin XCBuildConfiguration section */
		833F39472E46DCA300FBB87A /* Debug */ = {
			isa = XCBuildConfiguration;
			buildSettings = {
				ALWAYS_SEARCH_USER_PATHS = NO;
				ASSETCATALOG_COMPILER_GENERATE_SWIFT_ASSET_SYMBOL_EXTENSIONS = YES;
				CLANG_ANALYZER_NONNULL = YES;
				CLANG_ANALYZER_NUMBER_OBJECT_CONVERSION = YES_AGGRESSIVE;
				CLANG_CXX_LANGUAGE_STANDARD = "gnu++20";
				CLANG_ENABLE_MODULES = YES;
				CLANG_ENABLE_OBJC_ARC = YES;
				CLANG_ENABLE_OBJC_WEAK = YES;
				CLANG_WARN_BLOCK_CAPTURE_AUTORELEASING = YES;
				CLANG_WARN_BOOL_CONVERSION = YES;
				CLANG_WARN_COMMA = YES;
				CLANG_WARN_CONSTANT_CONVERSION = YES;
				CLANG_WARN_DEPRECATED_OBJC_IMPLEMENTATIONS = YES;
				CLANG_WARN_DIRECT_OBJC_ISA_USAGE = YES_ERROR;
				CLANG_WARN_DOCUMENTATION_COMMENTS = YES;
				CLANG_WARN_EMPTY_BODY = YES;
				CLANG_WARN_ENUM_CONVERSION = YES;
				CLANG_WARN_INFINITE_RECURSION = YES;
				CLANG_WARN_INT_CONVERSION = YES;
				CLANG_WARN_NON_LITERAL_NULL_CONVERSION = YES;
				CLANG_WARN_OBJC_IMPLICIT_RETAIN_SELF = YES;
				CLANG_WARN_OBJC_LITERAL_CONVERSION = YES;
				CLANG_WARN_OBJC_ROOT_CLASS = YES_ERROR;
				CLANG_WARN_QUOTED_INCLUDE_IN_FRAMEWORK_HEADER = YES;
				CLANG_WARN_RANGE_LOOP_ANALYSIS = YES;
				CLANG_WARN_STRICT_PROTOTYPES = YES;
				CLANG_WARN_SUSPICIOUS_MOVE = YES;
				CLANG_WARN_UNGUARDED_AVAILABILITY = YES_AGGRESSIVE;
				CLANG_WARN_UNREACHABLE_CODE = YES;
				CLANG_WARN__DUPLICATE_METHOD_MATCH = YES;
				COPY_PHASE_STRIP = NO;
				DEBUG_INFORMATION_FORMAT = dwarf;
				ENABLE_STRICT_OBJC_MSGSEND = YES;
				ENABLE_TESTABILITY = YES;
				ENABLE_USER_SCRIPT_SANDBOXING = YES;
				GCC_C_LANGUAGE_STANDARD = gnu17;
				GCC_DYNAMIC_NO_PIC = NO;
				GCC_NO_COMMON_BLOCKS = YES;
				GCC_OPTIMIZATION_LEVEL = 0;
				GCC_PREPROCESSOR_DEFINITIONS = (
					"DEBUG=1",
					"$(inherited)",
				);
				GCC_WARN_64_TO_32_BIT_CONVERSION = YES;
				GCC_WARN_ABOUT_RETURN_TYPE = YES_ERROR;
				GCC_WARN_UNDECLARED_SELECTOR = YES;
				GCC_WARN_UNINITIALIZED_AUTOS = YES_AGGRESSIVE;
				GCC_WARN_UNUSED_FUNCTION = YES;
				GCC_WARN_UNUSED_VARIABLE = YES;
				LOCALIZATION_PREFERS_STRING_CATALOGS = YES;
				MACOSX_DEPLOYMENT_TARGET = 15.0;
				MTL_ENABLE_DEBUG_INFO = INCLUDE_SOURCE;
				MTL_FAST_MATH = YES;
				ONLY_ACTIVE_ARCH = YES;
				SDKROOT = macosx;
			};
			name = Debug;
		};
		833F39482E46DCA300FBB87A /* Release */ = {
			isa = XCBuildConfiguration;
			buildSettings = {
				ALWAYS_SEARCH_USER_PATHS = NO;
				ASSETCATALOG_COMPILER_GENERATE_SWIFT_ASSET_SYMBOL_EXTENSIONS = YES;
				CLANG_ANALYZER_NONNULL = YES;
				CLANG_ANALYZER_NUMBER_OBJECT_CONVERSION = YES_AGGRESSIVE;
				CLANG_CXX_LANGUAGE_STANDARD = "gnu++20";
				CLANG_ENABLE_MODULES = YES;
				CLANG_ENABLE_OBJC_ARC = YES;
				CLANG_ENABLE_OBJC_WEAK = YES;
				CLANG_WARN_BLOCK_CAPTURE_AUTORELEASING = YES;
				CLANG_WARN_BOOL_CONVERSION = YES;
				CLANG_WARN_COMMA = YES;
				CLANG_WARN_CONSTANT_CONVERSION = YES;
				CLANG_WARN_DEPRECATED_OBJC_IMPLEMENTATIONS = YES;
				CLANG_WARN_DIRECT_OBJC_ISA_USAGE = YES_ERROR;
				CLANG_WARN_DOCUMENTATION_COMMENTS = YES;
				CLANG_WARN_EMPTY_BODY = YES;
				CLANG_WARN_ENUM_CONVERSION = YES;
				CLANG_WARN_INFINITE_RECURSION = YES;
				CLANG_WARN_INT_CONVERSION = YES;
				CLANG_WARN_NON_LITERAL_NULL_CONVERSION = YES;
				CLANG_WARN_OBJC_IMPLICIT_RETAIN_SELF = YES;
				CLANG_WARN_OBJC_LITERAL_CONVERSION = YES;
				CLANG_WARN_OBJC_ROOT_CLASS = YES_ERROR;
				CLANG_WARN_QUOTED_INCLUDE_IN_FRAMEWORK_HEADER = YES;
				CLANG_WARN_RANGE_LOOP_ANALYSIS = YES;
				CLANG_WARN_STRICT_PROTOTYPES = YES;
				CLANG_WARN_SUSPICIOUS_MOVE = YES;
				CLANG_WARN_UNGUARDED_AVAILABILITY = YES_AGGRESSIVE;
				CLANG_WARN_UNREACHABLE_CODE = YES;
				CLANG_WARN__DUPLICATE_METHOD_MATCH = YES;
				COPY_PHASE_STRIP = NO;
				DEBUG_INFORMATION_FORMAT = "dwarf-with-dsym";
				ENABLE_NS_ASSERTIONS = NO;
				ENABLE_STRICT_OBJC_MSGSEND = YES;
				ENABLE_USER_SCRIPT_SANDBOXING = YES;
				GCC_C_LANGUAGE_STANDARD = gnu17;
				GCC_NO_COMMON_BLOCKS = YES;
				GCC_WARN_64_TO_32_BIT_CONVERSION = YES;
				GCC_WARN_ABOUT_RETURN_TYPE = YES_ERROR;
				GCC_WARN_UNDECLARED_SELECTOR = YES;
				GCC_WARN_UNINITIALIZED_AUTOS = YES_AGGRESSIVE;
				GCC_WARN_UNUSED_FUNCTION = YES;
				GCC_WARN_UNUSED_VARIABLE = YES;
				LOCALIZATION_PREFERS_STRING_CATALOGS = YES;
				MACOSX_DEPLOYMENT_TARGET = 15.0;
				MTL_ENABLE_DEBUG_INFO = NO;
				MTL_FAST_MATH = YES;
				SDKROOT = macosx;
			};
			name = Release;
		};
		833F394A2E46DCA300FBB87A /* Debug */ = {
			isa = XCBuildConfiguration;
			buildSettings = {
				ASSETCATALOG_COMPILER_APPICON_NAME = AppIcon;
				ASSETCATALOG_COMPILER_GLOBAL_ACCENT_COLOR_NAME = AccentColor;
				CODE_SIGN_ENTITLEMENTS = "HP-ProBook-EliteBook/HP-ProBook-EliteBook.entitlements";
				"CODE_SIGN_IDENTITY[sdk=macosx*]" = "-";
				CODE_SIGN_STYLE = Manual;
				COMBINE_HIDPI_IMAGES = YES;
				CURRENT_PROJECT_VERSION = 1;
				DEVELOPMENT_TEAM = "";
				GENERATE_INFOPLIST_FILE = YES;
				INFOPLIST_FILE = "HP-ProBook-EliteBook/Info.plist";
				INFOPLIST_KEY_CFBundleDisplayName = "HP-ProBook-EliteBook";
				INFOPLIST_KEY_LSUIElement = NO;
				INFOPLIST_KEY_NSHumanReadableCopyright = "Copyright  © 2025 chris1111, All Right Reserved.";
				INFOPLIST_KEY_NSMainNibFile = MainMenu;
				INFOPLIST_KEY_NSPrincipalClass = NSApplication;
				LD_RUNPATH_SEARCH_PATHS = (
					"$(inherited)",
					"@executable_path/../Frameworks",
				);
				MACOSX_DEPLOYMENT_TARGET = 10.13;
				MARKETING_VERSION = 1.0;
				PRODUCT_BUNDLE_IDENTIFIER = "com.chris1111.HP-ProBook-EliteBook";
				PRODUCT_NAME = "$(TARGET_NAME)";
				PROVISIONING_PROFILE_SPECIFIER = "";
				SWIFT_EMIT_LOC_STRINGS = YES;
			};
			name = Debug;
		};
		833F394B2E46DCA300FBB87A /* Release */ = {
			isa = XCBuildConfiguration;
			buildSettings = {
				ASSETCATALOG_COMPILER_APPICON_NAME = AppIcon;
				ASSETCATALOG_COMPILER_GLOBAL_ACCENT_COLOR_NAME = AccentColor;
				CODE_SIGN_ENTITLEMENTS = "HP-ProBook-EliteBook/HP-ProBook-EliteBook.entitlements";
				"CODE_SIGN_IDENTITY[sdk=macosx*]" = "-";
				CODE_SIGN_STYLE = Manual;
				COMBINE_HIDPI_IMAGES = YES;
				CURRENT_PROJECT_VERSION = 1;
				DEVELOPMENT_TEAM = "";
				GENERATE_INFOPLIST_FILE = YES;
				INFOPLIST_FILE = "HP-ProBook-EliteBook/Info.plist";
				INFOPLIST_KEY_CFBundleDisplayName = "HP-ProBook-EliteBook";
				INFOPLIST_KEY_LSUIElement = NO;
				INFOPLIST_KEY_NSHumanReadableCopyright = "Copyright  © 2025 chris1111, All Right Reserved.";
				INFOPLIST_KEY_NSMainNibFile = MainMenu;
				INFOPLIST_KEY_NSPrincipalClass = NSApplication;
				LD_RUNPATH_SEARCH_PATHS = (
					"$(inherited)",
					"@executable_path/../Frameworks",
				);
				MACOSX_DEPLOYMENT_TARGET = 10.13;
				MARKETING_VERSION = 1.0;
				PRODUCT_BUNDLE_IDENTIFIER = "com.chris1111.HP-ProBook-EliteBook";
				PRODUCT_NAME = "$(TARGET_NAME)";
				PROVISIONING_PROFILE_SPECIFIER = "";
				SWIFT_EMIT_LOC_STRINGS = YES;
			};
			name = Release;
		};
/* End XCBuildConfiguration section */

/* Begin XCConfigurationList section */
		833F39342E46DCA100FBB87A /* Build configuration list for PBXProject "HP-ProBook-EliteBook" */ = {
			isa = XCConfigurationList;
			buildConfigurations = (
				833F39472E46DCA300FBB87A /* Debug */,
				833F39482E46DCA300FBB87A /* Release */,
			);
			defaultConfigurationIsVisible = 0;
			defaultConfigurationName = Release;
		};
		833F39492E46DCA300FBB87A /* Build configuration list for PBXNativeTarget "HP-ProBook-EliteBook" */ = {
			isa = XCConfigurationList;
			buildConfigurations = (
				833F394A2E46DCA300FBB87A /* Debug */,
				833F394B2E46DCA300FBB87A /* Release */,
			);
			defaultConfigurationIsVisible = 0;
			defaultConfigurationName = Release;
		};
/* End XCConfigurationList section */
	};
	rootObject = 833F39312E46DCA100FBB87A /* Project object */;
}
